
Microsoft Visual Studio Solution File, Format Version 12.00
# Visual Studio Version 17
VisualStudioVersion = 17.4.33103.184
MinimumVisualStudioVersion = 10.0.40219.1
Project("{9A19103F-16F7-4668-BE54-9A1E7A4F7556}") = "ShoppingTest", "ShoppingTest\ShoppingTest.csproj", "{C2FC7C6E-7207-470D-8BC7-694A475E5377}"
EndProject
Project("{9A19103F-16F7-4668-BE54-9A1E7A4F7556}") = "Shopping", "Shopping\Shopping.csproj", "{2BF75D44-701B-4AC9-826D-19A6D98FE183}"
EndProject
Global
	GlobalSection(SolutionConfigurationPlatforms) = preSolution
		Debug|Any CPU = Debug|Any CPU
		Release|Any CPU = Release|Any CPU
	EndGlobalSection
	GlobalSection(ProjectConfigurationPlatforms) = postSolution
		{C2FC7C6E-7207-470D-8BC7-694A475E5377}.Debug|Any CPU.ActiveCfg = Debug|Any CPU
		{C2FC7C6E-7207-470D-8BC7-694A475E5377}.Debug|Any CPU.Build.0 = Debug|Any CPU
		{C2FC7C6E-7207-470D-8BC7-694A475E5377}.Release|Any CPU.ActiveCfg = Release|Any CPU
		{C2FC7C6E-7207-470D-8BC7-694A475E5377}.Release|Any CPU.Build.0 = Release|Any CPU
		{2BF75D44-701B-4AC9-826D-19A6D98FE183}.Debug|Any CPU.ActiveCfg = Debug|Any CPU
		{2BF75D44-701B-4AC9-826D-19A6D98FE183}.Debug|Any CPU.Build.0 = Debug|Any CPU
		{2BF75D44-701B-4AC9-826D-19A6D98FE183}.Release|Any CPU.ActiveCfg = Release|Any CPU
		{2BF75D44-701B-4AC9-826D-19A6D98FE183}.Release|Any CPU.Build.0 = Release|Any CPU
	EndGlobalSection
	GlobalSection(SolutionProperties) = preSolution
		HideSolutionNode = FALSE
	EndGlobalSection
	GlobalSection(ExtensibilityGlobals) = postSolution
		SolutionGuid = {44646BE5-A88C-4E4D-BA6D-EF5FB63904E1}
	EndGlobalSection
EndGlobal
